// !$*UTF8*$!
{
	archiveVersion = 1;
	classes = {
	};
	objectVersion = 46;
	objects = {

/* Begin PBXBuildFile section */
		E56466D61C27D5AC00E7A90D /* main.m in Sources */ = {isa = PBXBuildFile; fileRef = E56466D51C27D5AC00E7A90D /* main.m */; };
		E56466D91C27D5AC00E7A90D /* AppDelegate.m in Sources */ = {isa = PBXBuildFile; fileRef = E56466D81C27D5AC00E7A90D /* AppDelegate.m */; };
		E56466DC1C27D5AC00E7A90D /* ViewController.m in Sources */ = {isa = PBXBuildFile; fileRef = E56466DB1C27D5AC00E7A90D /* ViewController.m */; };
		E56466DF1C27D5AC00E7A90D /* Main.storyboard in Resources */ = {isa = PBXBuildFile; fileRef = E56466DD1C27D5AC00E7A90D /* Main.storyboard */; };
		E56466E21C27D5AC00E7A90D /* DM.xcdatamodeld in Sources */ = {isa = PBXBuildFile; fileRef = E56466E01C27D5AC00E7A90D /* DM.xcdatamodeld */; };
		E56466E41C27D5AC00E7A90D /* Assets.xcassets in Resources */ = {isa = PBXBuildFile; fileRef = E56466E31C27D5AC00E7A90D /* Assets.xcassets */; };
		E56466E71C27D5AC00E7A90D /* LaunchScreen.storyboard in Resources */ = {isa = PBXBuildFile; fileRef = E56466E51C27D5AC00E7A90D /* LaunchScreen.storyboard */; };
/* End PBXBuildFile section */

/* Begin PBXFileReference section */
		E56466D11C27D5AC00E7A90D /* DM.app */ = {isa = PBXFileReference; explicitFileType = wrapper.application; includeInIndex = 0; path = DM.app; sourceTree = BUILT_PRODUCTS_DIR; };
		E56466D51C27D5AC00E7A90D /* main.m */ = {isa = PBXFileReference; lastKnownFileType = sourcecode.c.objc; path = main.m; sourceTree = "<group>"; };
		E56466D71C27D5AC00E7A90D /* AppDelegate.h */ = {isa = PBXFileReference; lastKnownFileType = sourcecode.c.h; path = AppDelegate.h; sourceTree = "<group>"; };
		E56466D81C27D5AC00E7A90D /* AppDelegate.m */ = {isa = PBXFileReference; lastKnownFileType = sourcecode.c.objc; path = AppDelegate.m; sourceTree = "<group>"; };
		E56466DA1C27D5AC00E7A90D /* ViewController.h */ = {isa = PBXFileReference; lastKnownFileType = sourcecode.c.h; path = ViewController.h; sourceTree = "<group>"; };
		E56466DB1C27D5AC00E7A90D /* ViewController.m */ = {isa = PBXFileReference; lastKnownFileType = sourcecode.c.objc; path = ViewController.m; sourceTree = "<group>"; };
		E56466DE1C27D5AC00E7A90D /* Base */ = {isa = PBXFileReference; lastKnownFileType = file.storyboard; name = Base; path = Base.lproj/Main.storyboard; sourceTree = "<group>"; };
		E56466E11C27D5AC00E7A90D /* DM.xcdatamodel */ = {isa = PBXFileReference; lastKnownFileType = wrapper.xcdatamodel; path = DM.xcdatamodel; sourceTree = "<group>"; };
		E56466E31C27D5AC00E7A90D /* Assets.xcassets */ = {isa = PBXFileReference; lastKnownFileType = folder.assetcatalog; path = Assets.xcassets; sourceTree = "<group>"; };
		E56466E61C27D5AC00E7A90D /* Base */ = {isa = PBXFileReference; lastKnownFileType = file.storyboard; name = Base; path = Base.lproj/LaunchScreen.storyboard; sourceTree = "<group>"; };
		E56466E81C27D5AC00E7A90D /* Info.plist */ = {isa = PBXFileReference; lastKnownFileType = text.plist.xml; path = Info.plist; sourceTree = "<group>"; };
/* End PBXFileReference section */

/* Begin PBXFrameworksBuildPhase section */
		E56466CE1C27D5AC00E7A90D /* Frameworks */ = {
			isa = PBXFrameworksBuildPhase;
			buildActionMask = 2147483647;
			files = (
			);
			runOnlyForDeploymentPostprocessing = 0;
		};
/* End PBXFrameworksBuildPhase section */

/* Begin PBXGroup section */
		E56466C81C27D5AC00E7A90D = {
			isa = PBXGroup;
			children = (
				E56466D31C27D5AC00E7A90D /* DM */,
				E56466D21C27D5AC00E7A90D /* Products */,
			);
			sourceTree = "<group>";
		};
		E56466D21C27D5AC00E7A90D /* Products */ = {
			isa = PBXGroup;
			children = (
				E56466D11C27D5AC00E7A90D /* DM.app */,
			);
			name = Products;
			sourceTree = "<group>";
		};
		E56466D31C27D5AC00E7A90D /* DM */ = {
			isa = PBXGroup;
			children = (
				E56466D71C27D5AC00E7A90D /* AppDelegate.h */,
				E56466D81C27D5AC00E7A90D /* AppDelegate.m */,
				E56466DA1C27D5AC00E7A90D /* ViewController.h */,
				E56466DB1C27D5AC00E7A90D /* ViewController.m */,
				E56466DD1C27D5AC00E7A90D /* Main.storyboard */,
				E56466E31C27D5AC00E7A90D /* Assets.xcassets */,
				E56466E51C27D5AC00E7A90D /* LaunchScreen.storyboard */,
				E56466E81C27D5AC00E7A90D /* Info.plist */,
				E56466E01C27D5AC00E7A90D /* DM.xcdatamodeld */,
				E56466D41C27D5AC00E7A90D /* Supporting Files */,
			);
			path = DM;
			sourceTree = "<group>";
		};
		E56466D41C27D5AC00E7A90D /* Supporting Files */ = {
			isa = PBXGroup;
			children = (
				E56466D51C27D5AC00E7A90D /* main.m */,
			);
			name = "Supporting Files";
			sourceTree = "<group>";
		};
/* End PBXGroup section */

/* Begin PBXNativeTarget section */
		E56466D01C27D5AC00E7A90D /* DM */ = {
			isa = PBXNativeTarget;
			buildConfigurationList = E56466EB1C27D5AC00E7A90D /* Build configuration list for PBXNativeTarget "DM" */;
			buildPhases = (
				E56466CD1C27D5AC00E7A90D /* Sources */,
				E56466CE1C27D5AC00E7A90D /* Frameworks */,
				E56466CF1C27D5AC00E7A90D /* Resources */,
			);
			buildRules = (
			);
			dependencies = (
			);
			name = DM;
			productName = DM;
			productReference = E56466D11C27D5AC00E7A90D /* DM.app */;
			productType = "com.apple.product-type.application";
		};
/* End PBXNativeTarget section */

/* Begin PBXProject section */
		E56466C91C27D5AC00E7A90D /* Project object */ = {
			isa = PBXProject;
			attributes = {
				LastUpgradeCheck = 0710;
				ORGANIZATIONNAME = tepusoft;
				TargetAttributes = {
					E56466D01C27D5AC00E7A90D = {
						CreatedOnToolsVersion = 7.1.1;
					};
				};
			};
			buildConfigurationList = E56466CC1C27D5AC00E7A90D /* Build configuration list for PBXProject "DM" */;
			compatibilityVersion = "Xcode 3.2";
			developmentRegion = English;
			hasScannedForEncodings = 0;
			knownRegions = (
				en,
				Base,
			);
			mainGroup = E56466C81C27D5AC00E7A90D;
			productRefGroup = E56466D21C27D5AC00E7A90D /* Products */;
			projectDirPath = "";
			projectRoot = "";
			targets = (
				E56466D01C27D5AC00E7A90D /* DM */,
			);
		};
/* End PBXProject section */

/* Begin PBXResourcesBuildPhase section */
		E56466CF1C27D5AC00E7A90D /* Resources */ = {
			isa = PBXResourcesBuildPhase;
			buildActionMask = 2147483647;
			files = (
				E56466E71C27D5AC00E7A90D /* LaunchScreen.storyboard in Resources */,
				E56466E41C27D5AC00E7A90D /* Assets.xcassets in Resources */,
				E56466DF1C27D5AC00E7A90D /* Main.storyboard in Resources */,
			);
			runOnlyForDeploymentPostprocessing = 0;
		};
/* End PBXResourcesBuildPhase section */

/* Begin PBXSourcesBuildPhase section */
		E56466CD1C27D5AC00E7A90D /* Sources */ = {
			isa = PBXSourcesBuildPhase;
			buildActionMask = 2147483647;
			files = (
				E56466E21C27D5AC00E7A90D /* DM.xcdatamodeld in Sources */,
				E56466DC1C27D5AC00E7A90D /* ViewController.m in Sources */,
				E56466D91C27D5AC00E7A90D /* AppDelegate.m in Sources */,
				E56466D61C27D5AC00E7A90D /* main.m in Sources */,
			);
			runOnlyForDeploymentPostprocessing = 0;
		};
/* End PBXSourcesBuildPhase section */

/* Begin PBXVariantGroup section */
		E56466DD1C27D5AC00E7A90D /* Main.storyboard */ = {
			isa = PBXVariantGroup;
			children = (
				E56466DE1C27D5AC00E7A90D /* Base */,
			);
			name = Main.storyboard;
			sourceTree = "<group>";
		};
		E56466E51C27D5AC00E7A90D /* LaunchScreen.storyboard */ = {
			isa = PBXVariantGroup;
			children = (
				E56466E61C27D5AC00E7A90D /* Base */,
			);
			name = LaunchScreen.storyboard;
			sourceTree = "<group>";
		};
/* End PBXVariantGroup section */

/* Begin XCBuildConfiguration section */
		E56466E91C27D5AC00E7A90D /* Debug */ = {
			isa = XCBuildConfiguration;
			buildSettings = {
				ALWAYS_SEARCH_USER_PATHS = NO;
				CLANG_CXX_LANGUAGE_STANDARD = "gnu++0x";
				CLANG_CXX_LIBRARY = "libc++";
				CLANG_ENABLE_MODULES = YES;
				CLANG_ENABLE_OBJC_ARC = YES;
				CLANG_WARN_BOOL_CONVERSION = YES;
				CLANG_WARN_CONSTANT_CONVERSION = YES;
				CLANG_WARN_DIRECT_OBJC_ISA_USAGE = YES_ERROR;
				CLANG_WARN_EMPTY_BODY = YES;
				CLANG_WARN_ENUM_CONVERSION = YES;
				CLANG_WARN_INT_CONVERSION = YES;
				CLANG_WARN_OBJC_ROOT_CLASS = YES_ERROR;
				CLANG_WARN_UNREACHABLE_CODE = YES;
				CLANG_WARN__DUPLICATE_METHOD_MATCH = YES;
				"CODE_SIGN_IDENTITY[sdk=iphoneos*]" = "iPhone Developer";
				COPY_PHASE_STRIP = NO;
				DEBUG_INFORMATION_FORMAT = dwarf;
				ENABLE_STRICT_OBJC_MSGSEND = YES;
				ENABLE_TESTABILITY = YES;
				GCC_C_LANGUAGE_STANDARD = gnu99;
				GCC_DYNAMIC_NO_PIC = NO;
				GCC_NO_COMMON_BLOCKS = YES;
				GCC_OPTIMIZATION_LEVEL = 0;
				GCC_PREPROCESSOR_DEFINITIONS = (
					"DEBUG=1",
					"$(inherited)",
				);
				GCC_WARN_64_TO_32_BIT_CONVERSION = YES;
				GCC_WARN_ABOUT_RETURN_TYPE = YES_ERROR;
				GCC_WARN_UNDECLARED_SELECTOR = YES;
				GCC_WARN_UNINITIALIZED_AUTOS = YES_AGGRESSIVE;
				GCC_WARN_UNUSED_FUNCTION = YES;
				GCC_WARN_UNUSED_VARIABLE = YES;
				IPHONEOS_DEPLOYMENT_TARGET = 9.1;
				MTL_ENABLE_DEBUG_INFO = YES;
				ONLY_ACTIVE_ARCH = YES;
				SDKROOT = iphoneos;
				TARGETED_DEVICE_FAMILY = "1,2";
			};
			name = Debug;
		};
		E56466EA1C27D5AC00E7A90D /* Release */ = {
			isa = XCBuildConfiguration;
			buildSettings = {
				ALWAYS_SEARCH_USER_PATHS = NO;
				CLANG_CXX_LANGUAGE_STANDARD = "gnu++0x";
				CLANG_CXX_LIBRARY = "libc++";
				CLANG_ENABLE_MODULES = YES;
				CLANG_ENABLE_OBJC_ARC = YES;
				CLANG_WARN_BOOL_CONVERSION = YES;
				CLANG_WARN_CONSTANT_CONVERSION = YES;
				CLANG_WARN_DIRECT_OBJC_ISA_USAGE = YES_ERROR;
				CLANG_WARN_EMPTY_BODY = YES;
				CLANG_WARN_ENUM_CONVERSION = YES;
				CLANG_WARN_INT_CONVERSION = YES;
				CLANG_WARN_OBJC_ROOT_CLASS = YES_ERROR;
				CLANG_WARN_UNREACHABLE_CODE = YES;
				CLANG_WARN__DUPLICATE_METHOD_MATCH = YES;
				"CODE_SIGN_IDENTITY[sdk=iphoneos*]" = "iPhone Developer";
				COPY_PHASE_STRIP = NO;
				DEBUG_INFORMATION_FORMAT = "dwarf-with-dsym";
				ENABLE_NS_ASSERTIONS = NO;
				ENABLE_STRICT_OBJC_MSGSEND = YES;
				GCC_C_LANGUAGE_STANDARD = gnu99;
				GCC_NO_COMMON_BLOCKS = YES;
				GCC_WARN_64_TO_32_BIT_CONVERSION = YES;
				GCC_WARN_ABOUT_RETURN_TYPE = YES_ERROR;
				GCC_WARN_UNDECLARED_SELECTOR = YES;
				GCC_WARN_UNINITIALIZED_AUTOS = YES_AGGRESSIVE;
				GCC_WARN_UNUSED_FUNCTION = YES;
				GCC_WARN_UNUSED_VARIABLE = YES;
				IPHONEOS_DEPLOYMENT_TARGET = 9.1;
				MTL_ENABLE_DEBUG_INFO = NO;
				SDKROOT = iphoneos;
				TARGETED_DEVICE_FAMILY = "1,2";
				VALIDATE_PRODUCT = YES;
			};
			name = Release;
		};
		E56466EC1C27D5AC00E7A90D /* Debug */ = {
			isa = XCBuildConfiguration;
			buildSettings = {
				ASSETCATALOG_COMPILER_APPICON_NAME = AppIcon;
				INFOPLIST_FILE = DM/Info.plist;
				LD_RUNPATH_SEARCH_PATHS = "$(inherited) @executable_path/Frameworks";
				PRODUCT_BUNDLE_IDENTIFIER = TP.DM;
				PRODUCT_NAME = "$(TARGET_NAME)";
			};
			name = Debug;
		};
		E56466ED1C27D5AC00E7A90D /* Release */ = {
			isa = XCBuildConfiguration;
			buildSettings = {
				ASSETCATALOG_COMPILER_APPICON_NAME = AppIcon;
				INFOPLIST_FILE = DM/Info.plist;
				LD_RUNPATH_SEARCH_PATHS = "$(inherited) @executable_path/Frameworks";
				PRODUCT_BUNDLE_IDENTIFIER = TP.DM;
				PRODUCT_NAME = "$(TARGET_NAME)";
			};
			name = Release;
		};
/* End XCBuildConfiguration section */

/* Begin XCConfigurationList section */
		E56466CC1C27D5AC00E7A90D /* Build configuration list for PBXProject "DM" */ = {
			isa = XCConfigurationList;
			buildConfigurations = (
				E56466E91C27D5AC00E7A90D /* Debug */,
				E56466EA1C27D5AC00E7A90D /* Release */,
			);
			defaultConfigurationIsVisible = 0;
			defaultConfigurationName = Release;
		};
		E56466EB1C27D5AC00E7A90D /* Build configuration list for PBXNativeTarget "DM" */ = {
			isa = XCConfigurationList;
			buildConfigurations = (
				E56466EC1C27D5AC00E7A90D /* Debug */,
				E56466ED1C27D5AC00E7A90D /* Release */,
			);
			defaultConfigurationIsVisible = 0;
		};
/* End XCConfigurationList section */

/* Begin XCVersionGroup section */
		E56466E01C27D5AC00E7A90D /* DM.xcdatamodeld */ = {
			isa = XCVersionGroup;
			children = (
				E56466E11C27D5AC00E7A90D /* DM.xcdatamodel */,
			);
			currentVersion = E56466E11C27D5AC00E7A90D /* DM.xcdatamodel */;
			path = DM.xcdatamodeld;
			sourceTree = "<group>";
			versionGroupType = wrapper.xcdatamodel;
		};
/* End XCVersionGroup section */
	};
	rootObject = E56466C91C27D5AC00E7A90D /* Project object */;
}
